
Microsoft Visual Studio Solution File, Format Version 12.00
# Visual Studio Version 16
VisualStudioVersion = 16.0.32106.194
MinimumVisualStudioVersion = 10.0.40219.1
Project("{FAE04EC0-301F-11D3-BF4B-00C04F79EFBC}") = "bun", "bun\bun.csproj", "{4D88EBB0-3468-4406-81FC-2A1A3B16E20A}"
EndProject
Global
	GlobalSection(SolutionConfigurationPlatforms) = preSolution
		Debug|Any CPU = Debug|Any CPU
		Release|Any CPU = Release|Any CPU
	EndGlobalSection
	GlobalSection(ProjectConfigurationPlatforms) = postSolution
		{4D88EBB0-3468-4406-81FC-2A1A3B16E20A}.Debug|Any CPU.ActiveCfg = Debug|Any CPU
		{4D88EBB0-3468-4406-81FC-2A1A3B16E20A}.Debug|Any CPU.Build.0 = Debug|Any CPU
		{4D88EBB0-3468-4406-81FC-2A1A3B16E20A}.Release|Any CPU.ActiveCfg = Release|Any CPU
		{4D88EBB0-3468-4406-81FC-2A1A3B16E20A}.Release|Any CPU.Build.0 = Release|Any CPU
	EndGlobalSection
	GlobalSection(SolutionProperties) = preSolution
		HideSolutionNode = FALSE
	EndGlobalSection
	GlobalSection(ExtensibilityGlobals) = postSolution
		SolutionGuid = {5FE9E037-9253-4D0E-9957-30AE91D19D16}
	EndGlobalSection
EndGlobal
